{
  "name": "@sgnl-actions/action-sandbox",
  "version": "0.1.0",
  "lockfileVersion": 3,
  "requires": true,
  "packages": {
    "": {
      "name": "@sgnl-actions/action-sandbox",
      "version": "0.1.0",
      "license": "MIT",
      "bin": {
        "sgnl-action-sandbox": "bin/sgnl-action-sandbox.mjs"
      },
      "devDependencies": {},
      "engines": {
        "node": ">=20"
      }
    }
  }
}
